
Microsoft Visual Studio Solution File, Format Version 12.00
# Visual Studio Version 17
VisualStudioVersion = 17.3.32901.215
MinimumVisualStudioVersion = 10.0.40219.1
Project("{FAE04EC0-301F-11D3-BF4B-00C04F79EFBC}") = "OnBackButtonPressed.Android", "OnBackButtonPressed.Android\OnBackButtonPressed.Android.csproj", "{75E5A53F-8BF8-4A27-86DE-B2080CECDAE9}"
EndProject
Project("{FAE04EC0-301F-11D3-BF4B-00C04F79EFBC}") = "OnBackButtonPressed", "OnBackButtonPressed\OnBackButtonPressed.csproj", "{8836A988-5F52-4EDE-A35C-955B5869B20C}"
EndProject
Global
	GlobalSection(SolutionConfigurationPlatforms) = preSolution
		Debug|Any CPU = Debug|Any CPU
		Release|Any CPU = Release|Any CPU
	EndGlobalSection
	GlobalSection(ProjectConfigurationPlatforms) = postSolution
		{75E5A53F-8BF8-4A27-86DE-B2080CECDAE9}.Debug|Any CPU.ActiveCfg = Debug|Any CPU
		{75E5A53F-8BF8-4A27-86DE-B2080CECDAE9}.Debug|Any CPU.Build.0 = Debug|Any CPU
		{75E5A53F-8BF8-4A27-86DE-B2080CECDAE9}.Debug|Any CPU.Deploy.0 = Debug|Any CPU
		{75E5A53F-8BF8-4A27-86DE-B2080CECDAE9}.Release|Any CPU.ActiveCfg = Release|Any CPU
		{75E5A53F-8BF8-4A27-86DE-B2080CECDAE9}.Release|Any CPU.Build.0 = Release|Any CPU
		{75E5A53F-8BF8-4A27-86DE-B2080CECDAE9}.Release|Any CPU.Deploy.0 = Release|Any CPU
		{8836A988-5F52-4EDE-A35C-955B5869B20C}.Debug|Any CPU.ActiveCfg = Debug|Any CPU
		{8836A988-5F52-4EDE-A35C-955B5869B20C}.Debug|Any CPU.Build.0 = Debug|Any CPU
		{8836A988-5F52-4EDE-A35C-955B5869B20C}.Debug|Any CPU.Deploy.0 = Debug|Any CPU
		{8836A988-5F52-4EDE-A35C-955B5869B20C}.Release|Any CPU.ActiveCfg = Release|Any CPU
		{8836A988-5F52-4EDE-A35C-955B5869B20C}.Release|Any CPU.Build.0 = Release|Any CPU
		{8836A988-5F52-4EDE-A35C-955B5869B20C}.Release|Any CPU.Deploy.0 = Release|Any CPU
	EndGlobalSection
	GlobalSection(SolutionProperties) = preSolution
		HideSolutionNode = FALSE
	EndGlobalSection
	GlobalSection(ExtensibilityGlobals) = postSolution
		SolutionGuid = {88F716E2-E6F1-41F7-9E81-C6E5E344FD58}
	EndGlobalSection
EndGlobal
